
Microsoft Visual Studio Solution File, Format Version 12.00
Project("{FAE04EC0-301F-11D3-BF4B-00C04F79EFBC}") = "RSASignatureServer", "RSASignatureServer.csproj", "{0B82121E-E2CD-44C1-A4FB-7A8EE2BE15BC}"
EndProject
Global
	GlobalSection(SolutionConfigurationPlatforms) = preSolution
		Debug|Any CPU = Debug|Any CPU
		Release|Any CPU = Release|Any CPU
	EndGlobalSection
	GlobalSection(ProjectConfigurationPlatforms) = postSolution
		{0B82121E-E2CD-44C1-A4FB-7A8EE2BE15BC}.Debug|Any CPU.ActiveCfg = Debug|Any CPU
		{0B82121E-E2CD-44C1-A4FB-7A8EE2BE15BC}.Debug|Any CPU.Build.0 = Debug|Any CPU
		{0B82121E-E2CD-44C1-A4FB-7A8EE2BE15BC}.Release|Any CPU.ActiveCfg = Release|Any CPU
		{0B82121E-E2CD-44C1-A4FB-7A8EE2BE15BC}.Release|Any CPU.Build.0 = Release|Any CPU
	EndGlobalSection
EndGlobal
